
Microsoft Visual Studio Solution File, Format Version 12.00
# Visual Studio Version 17
VisualStudioVersion = 17.3.32804.467
MinimumVisualStudioVersion = 10.0.40219.1
Project("{FAE04EC0-301F-11D3-BF4B-00C04F79EFBC}") = "PYP-Task-Instrument", "PYP-Task-Instrument\PYP-Task-Instrument.csproj", "{C5A25504-9572-4C3C-A3A3-49CF9B6AE170}"
EndProject
Global
	GlobalSection(SolutionConfigurationPlatforms) = preSolution
		Debug|Any CPU = Debug|Any CPU
		Release|Any CPU = Release|Any CPU
	EndGlobalSection
	GlobalSection(ProjectConfigurationPlatforms) = postSolution
		{C5A25504-9572-4C3C-A3A3-49CF9B6AE170}.Debug|Any CPU.ActiveCfg = Debug|Any CPU
		{C5A25504-9572-4C3C-A3A3-49CF9B6AE170}.Debug|Any CPU.Build.0 = Debug|Any CPU
		{C5A25504-9572-4C3C-A3A3-49CF9B6AE170}.Release|Any CPU.ActiveCfg = Release|Any CPU
		{C5A25504-9572-4C3C-A3A3-49CF9B6AE170}.Release|Any CPU.Build.0 = Release|Any CPU
	EndGlobalSection
	GlobalSection(SolutionProperties) = preSolution
		HideSolutionNode = FALSE
	EndGlobalSection
	GlobalSection(ExtensibilityGlobals) = postSolution
		SolutionGuid = {2698C59E-0A2F-4F6E-9D76-13983E703114}
	EndGlobalSection
EndGlobal
